// !$*UTF8*$!
{
	archiveVersion = 1;
	classes = {
	};
	objectVersion = 50;
	objects = {

/* Begin PBXBuildFile section */
		ED295FAC25D0448300041455 /* AppDelegate.swift in Sources */ = {isa = PBXBuildFile; fileRef = ED295FAB25D0448300041455 /* AppDelegate.swift */; };
		ED295FAE25D0448300041455 /* SceneDelegate.swift in Sources */ = {isa = PBXBuildFile; fileRef = ED295FAD25D0448300041455 /* SceneDelegate.swift */; };
		ED295FB025D0448300041455 /* ViewController.swift in Sources */ = {isa = PBXBuildFile; fileRef = ED295FAF25D0448300041455 /* ViewController.swift */; };
		ED295FB325D0448300041455 /* Main.storyboard in Resources */ = {isa = PBXBuildFile; fileRef = ED295FB125D0448300041455 /* Main.storyboard */; };
		ED295FB525D0448400041455 /* Assets.xcassets in Resources */ = {isa = PBXBuildFile; fileRef = ED295FB425D0448400041455 /* Assets.xcassets */; };
		ED295FB825D0448400041455 /* LaunchScreen.storyboard in Resources */ = {isa = PBXBuildFile; fileRef = ED295FB625D0448400041455 /* LaunchScreen.storyboard */; };
		ED295FC125D0461700041455 /* .gitignore in Resources */ = {isa = PBXBuildFile; fileRef = ED295FC025D0461700041455 /* .gitignore */; };
		ED33437B25EBA66200649054 /* TableViewCell.swift in Sources */ = {isa = PBXBuildFile; fileRef = ED33437925EBA66200649054 /* TableViewCell.swift */; };
		ED33437C25EBA66200649054 /* TableViewCell.xib in Resources */ = {isa = PBXBuildFile; fileRef = ED33437A25EBA66200649054 /* TableViewCell.xib */; };
		ED4F870025E6A19B00EF3FB2 /* BooksList.txt in Resources */ = {isa = PBXBuildFile; fileRef = ED4F86FE25E6A19B00EF3FB2 /* BooksList.txt */; };
		ED4F870E25E6A28700EF3FB2 /* Book.swift in Sources */ = {isa = PBXBuildFile; fileRef = ED4F870D25E6A28700EF3FB2 /* Book.swift */; };
		ED6B689F2648269600A9402E /* NetworkManager.swift in Sources */ = {isa = PBXBuildFile; fileRef = ED6B689E2648269600A9402E /* NetworkManager.swift */; };
		ED6B68B626482F4100A9402E /* Photos.swift in Sources */ = {isa = PBXBuildFile; fileRef = ED6B68B526482F4100A9402E /* Photos.swift */; };
		ED7165B625D461E900D6920D /* DiagramView.swift in Sources */ = {isa = PBXBuildFile; fileRef = ED7165B525D461E900D6920D /* DiagramView.swift */; };
		ED80B87725F3B0DE0021D5F1 /* 9781430237105.txt in Resources */ = {isa = PBXBuildFile; fileRef = ED80B86D25F3B0DE0021D5F1 /* 9781430237105.txt */; };
		ED80B87825F3B0DE0021D5F1 /* 9781449308360.txt in Resources */ = {isa = PBXBuildFile; fileRef = ED80B86E25F3B0DE0021D5F1 /* 9781449308360.txt */; };
		ED80B87925F3B0DE0021D5F1 /* 9781430236054.txt in Resources */ = {isa = PBXBuildFile; fileRef = ED80B86F25F3B0DE0021D5F1 /* 9781430236054.txt */; };
		ED80B87A25F3B0DE0021D5F1 /* 9781449342753.txt in Resources */ = {isa = PBXBuildFile; fileRef = ED80B87025F3B0DE0021D5F1 /* 9781449342753.txt */; };
		ED80B87B25F3B0DE0021D5F1 /* 9781430245124.txt in Resources */ = {isa = PBXBuildFile; fileRef = ED80B87125F3B0DE0021D5F1 /* 9781430245124.txt */; };
		ED80B87C25F3B0DE0021D5F1 /* 9781430238072.txt in Resources */ = {isa = PBXBuildFile; fileRef = ED80B87225F3B0DE0021D5F1 /* 9781430238072.txt */; };
		ED80B87D25F3B0DE0021D5F1 /* 9781118841471.txt in Resources */ = {isa = PBXBuildFile; fileRef = ED80B87325F3B0DE0021D5F1 /* 9781118841471.txt */; };
		ED80B87E25F3B0DE0021D5F1 /* 9780321862969.txt in Resources */ = {isa = PBXBuildFile; fileRef = ED80B87425F3B0DE0021D5F1 /* 9780321862969.txt */; };
		ED80B87F25F3B0DE0021D5F1 /* 9780321856715.txt in Resources */ = {isa = PBXBuildFile; fileRef = ED80B87525F3B0DE0021D5F1 /* 9780321856715.txt */; };
		ED80B88025F3B0DE0021D5F1 /* 9781430260226.txt in Resources */ = {isa = PBXBuildFile; fileRef = ED80B87625F3B0DE0021D5F1 /* 9781430260226.txt */; };
		ED96F81B2641F68E0053C67A /* DetailBookViewController.swift in Sources */ = {isa = PBXBuildFile; fileRef = ED96F8192641F68E0053C67A /* DetailBookViewController.swift */; };
		ED96F81C2641F68E0053C67A /* DetailBookViewController.xib in Resources */ = {isa = PBXBuildFile; fileRef = ED96F81A2641F68E0053C67A /* DetailBookViewController.xib */; };
		ED96F81F2641F69F0053C67A /* AddBookViewController.swift in Sources */ = {isa = PBXBuildFile; fileRef = ED96F81D2641F69F0053C67A /* AddBookViewController.swift */; };
		ED96F8202641F69F0053C67A /* AddBookViewController.xib in Resources */ = {isa = PBXBuildFile; fileRef = ED96F81E2641F69F0053C67A /* AddBookViewController.xib */; };
		ED96F8232641F6AC0053C67A /* ErrorAddViewController.swift in Sources */ = {isa = PBXBuildFile; fileRef = ED96F8212641F6AC0053C67A /* ErrorAddViewController.swift */; };
		ED96F8242641F6AC0053C67A /* ErrorAddViewController.xib in Resources */ = {isa = PBXBuildFile; fileRef = ED96F8222641F6AC0053C67A /* ErrorAddViewController.xib */; };
		EDA575E125E8E9F300173EA6 /* StorageManager.swift in Sources */ = {isa = PBXBuildFile; fileRef = EDA575E025E8E9F300173EA6 /* StorageManager.swift */; };
		EDACB51B25D21BB100F9B845 /* DrawingViewController.swift in Sources */ = {isa = PBXBuildFile; fileRef = EDACB51A25D21BB100F9B845 /* DrawingViewController.swift */; };
		EDB6FBA125D2C5E600EE4CD5 /* CosView.swift in Sources */ = {isa = PBXBuildFile; fileRef = EDB6FBA025D2C5E600EE4CD5 /* CosView.swift */; };
		EDB792C12624BDA800FC2904 /* ImageViewController.swift in Sources */ = {isa = PBXBuildFile; fileRef = EDB792C02624BDA800FC2904 /* ImageViewController.swift */; };
		EDB792C62624BE1B00FC2904 /* MyCollectionViewCell.swift in Sources */ = {isa = PBXBuildFile; fileRef = EDB792C42624BE1B00FC2904 /* MyCollectionViewCell.swift */; };
		EDB792C72624BE1B00FC2904 /* MyCollectionViewCell.xib in Resources */ = {isa = PBXBuildFile; fileRef = EDB792C52624BE1B00FC2904 /* MyCollectionViewCell.xib */; };
		EDC84E2525EB90D000BEFB9F /* ListViewController.swift in Sources */ = {isa = PBXBuildFile; fileRef = EDC84E2425EB90D000BEFB9F /* ListViewController.swift */; };
		EDD02FDA25EBB8E400784571 /* Image_07.png in Resources */ = {isa = PBXBuildFile; fileRef = EDD02FD225EBB8E300784571 /* Image_07.png */; };
		EDD02FDB25EBB8E400784571 /* Image_01.png in Resources */ = {isa = PBXBuildFile; fileRef = EDD02FD325EBB8E300784571 /* Image_01.png */; };
		EDD02FDC25EBB8E400784571 /* Image_03.png in Resources */ = {isa = PBXBuildFile; fileRef = EDD02FD425EBB8E400784571 /* Image_03.png */; };
		EDD02FDD25EBB8E400784571 /* Image_08.png in Resources */ = {isa = PBXBuildFile; fileRef = EDD02FD525EBB8E400784571 /* Image_08.png */; };
		EDD02FDE25EBB8E400784571 /* Image_10.png in Resources */ = {isa = PBXBuildFile; fileRef = EDD02FD625EBB8E400784571 /* Image_10.png */; };
		EDD02FDF25EBB8E400784571 /* Image_06.png in Resources */ = {isa = PBXBuildFile; fileRef = EDD02FD725EBB8E400784571 /* Image_06.png */; };
		EDD02FE025EBB8E400784571 /* Image_05.png in Resources */ = {isa = PBXBuildFile; fileRef = EDD02FD825EBB8E400784571 /* Image_05.png */; };
		EDD02FE125EBB8E400784571 /* Image_02.png in Resources */ = {isa = PBXBuildFile; fileRef = EDD02FD925EBB8E400784571 /* Image_02.png */; };
		EDEAF33726496931005046D4 /* SpinnerViewController.swift in Sources */ = {isa = PBXBuildFile; fileRef = EDEAF33526496931005046D4 /* SpinnerViewController.swift */; };
		EDEAF33826496931005046D4 /* SpinnerViewController.xib in Resources */ = {isa = PBXBuildFile; fileRef = EDEAF33626496931005046D4 /* SpinnerViewController.xib */; };
/* End PBXBuildFile section */

/* Begin PBXFileReference section */
		ED295FA825D0448300041455 /* lab-1.1.app */ = {isa = PBXFileReference; explicitFileType = wrapper.application; includeInIndex = 0; path = "lab-1.1.app"; sourceTree = BUILT_PRODUCTS_DIR; };
		ED295FAB25D0448300041455 /* AppDelegate.swift */ = {isa = PBXFileReference; lastKnownFileType = sourcecode.swift; path = AppDelegate.swift; sourceTree = "<group>"; };
		ED295FAD25D0448300041455 /* SceneDelegate.swift */ = {isa = PBXFileReference; lastKnownFileType = sourcecode.swift; path = SceneDelegate.swift; sourceTree = "<group>"; };
		ED295FAF25D0448300041455 /* ViewController.swift */ = {isa = PBXFileReference; lastKnownFileType = sourcecode.swift; path = ViewController.swift; sourceTree = "<group>"; };
		ED295FB225D0448300041455 /* Base */ = {isa = PBXFileReference; lastKnownFileType = file.storyboard; name = Base; path = Base.lproj/Main.storyboard; sourceTree = "<group>"; };
		ED295FB425D0448400041455 /* Assets.xcassets */ = {isa = PBXFileReference; lastKnownFileType = folder.assetcatalog; path = Assets.xcassets; sourceTree = "<group>"; };
		ED295FB725D0448400041455 /* Base */ = {isa = PBXFileReference; lastKnownFileType = file.storyboard; name = Base; path = Base.lproj/LaunchScreen.storyboard; sourceTree = "<group>"; };
		ED295FB925D0448400041455 /* Info.plist */ = {isa = PBXFileReference; lastKnownFileType = text.plist.xml; path = Info.plist; sourceTree = "<group>"; };
		ED295FC025D0461700041455 /* .gitignore */ = {isa = PBXFileReference; lastKnownFileType = text; path = .gitignore; sourceTree = "<group>"; };
		ED33437925EBA66200649054 /* TableViewCell.swift */ = {isa = PBXFileReference; lastKnownFileType = sourcecode.swift; path = TableViewCell.swift; sourceTree = "<group>"; };
		ED33437A25EBA66200649054 /* TableViewCell.xib */ = {isa = PBXFileReference; lastKnownFileType = file.xib; path = TableViewCell.xib; sourceTree = "<group>"; };
		ED4F86FE25E6A19B00EF3FB2 /* BooksList.txt */ = {isa = PBXFileReference; fileEncoding = 4; lastKnownFileType = text; path = BooksList.txt; sourceTree = "<group>"; };
		ED4F870D25E6A28700EF3FB2 /* Book.swift */ = {isa = PBXFileReference; lastKnownFileType = sourcecode.swift; path = Book.swift; sourceTree = "<group>"; };
		ED6B689E2648269600A9402E /* NetworkManager.swift */ = {isa = PBXFileReference; lastKnownFileType = sourcecode.swift; path = NetworkManager.swift; sourceTree = "<group>"; };
		ED6B68B526482F4100A9402E /* Photos.swift */ = {isa = PBXFileReference; lastKnownFileType = sourcecode.swift; path = Photos.swift; sourceTree = "<group>"; };
		ED7165B525D461E900D6920D /* DiagramView.swift */ = {isa = PBXFileReference; lastKnownFileType = sourcecode.swift; path = DiagramView.swift; sourceTree = "<group>"; };
		ED80B86D25F3B0DE0021D5F1 /* 9781430237105.txt */ = {isa = PBXFileReference; fileEncoding = 4; lastKnownFileType = text; path = 9781430237105.txt; sourceTree = "<group>"; };
		ED80B86E25F3B0DE0021D5F1 /* 9781449308360.txt */ = {isa = PBXFileReference; fileEncoding = 4; lastKnownFileType = text; path = 9781449308360.txt; sourceTree = "<group>"; };
		ED80B86F25F3B0DE0021D5F1 /* 9781430236054.txt */ = {isa = PBXFileReference; fileEncoding = 4; lastKnownFileType = text; path = 9781430236054.txt; sourceTree = "<group>"; };
		ED80B87025F3B0DE0021D5F1 /* 9781449342753.txt */ = {isa = PBXFileReference; fileEncoding = 4; lastKnownFileType = text; path = 9781449342753.txt; sourceTree = "<group>"; };
		ED80B87125F3B0DE0021D5F1 /* 9781430245124.txt */ = {isa = PBXFileReference; fileEncoding = 4; lastKnownFileType = text; path = 9781430245124.txt; sourceTree = "<group>"; };
		ED80B87225F3B0DE0021D5F1 /* 9781430238072.txt */ = {isa = PBXFileReference; fileEncoding = 4; lastKnownFileType = text; path = 9781430238072.txt; sourceTree = "<group>"; };
		ED80B87325F3B0DE0021D5F1 /* 9781118841471.txt */ = {isa = PBXFileReference; fileEncoding = 4; lastKnownFileType = text; path = 9781118841471.txt; sourceTree = "<group>"; };
		ED80B87425F3B0DE0021D5F1 /* 9780321862969.txt */ = {isa = PBXFileReference; fileEncoding = 4; lastKnownFileType = text; path = 9780321862969.txt; sourceTree = "<group>"; };
		ED80B87525F3B0DE0021D5F1 /* 9780321856715.txt */ = {isa = PBXFileReference; fileEncoding = 4; lastKnownFileType = text; path = 9780321856715.txt; sourceTree = "<group>"; };
		ED80B87625F3B0DE0021D5F1 /* 9781430260226.txt */ = {isa = PBXFileReference; fileEncoding = 4; lastKnownFileType = text; path = 9781430260226.txt; sourceTree = "<group>"; };
		ED96F8192641F68E0053C67A /* DetailBookViewController.swift */ = {isa = PBXFileReference; lastKnownFileType = sourcecode.swift; path = DetailBookViewController.swift; sourceTree = "<group>"; };
		ED96F81A2641F68E0053C67A /* DetailBookViewController.xib */ = {isa = PBXFileReference; lastKnownFileType = file.xib; path = DetailBookViewController.xib; sourceTree = "<group>"; };
		ED96F81D2641F69F0053C67A /* AddBookViewController.swift */ = {isa = PBXFileReference; lastKnownFileType = sourcecode.swift; path = AddBookViewController.swift; sourceTree = "<group>"; };
		ED96F81E2641F69F0053C67A /* AddBookViewController.xib */ = {isa = PBXFileReference; lastKnownFileType = file.xib; path = AddBookViewController.xib; sourceTree = "<group>"; };
		ED96F8212641F6AC0053C67A /* ErrorAddViewController.swift */ = {isa = PBXFileReference; lastKnownFileType = sourcecode.swift; path = ErrorAddViewController.swift; sourceTree = "<group>"; };
		ED96F8222641F6AC0053C67A /* ErrorAddViewController.xib */ = {isa = PBXFileReference; lastKnownFileType = file.xib; path = ErrorAddViewController.xib; sourceTree = "<group>"; };
		EDA575E025E8E9F300173EA6 /* StorageManager.swift */ = {isa = PBXFileReference; lastKnownFileType = sourcecode.swift; path = StorageManager.swift; sourceTree = "<group>"; };
		EDACB51A25D21BB100F9B845 /* DrawingViewController.swift */ = {isa = PBXFileReference; lastKnownFileType = sourcecode.swift; path = DrawingViewController.swift; sourceTree = "<group>"; };
		EDB6FBA025D2C5E600EE4CD5 /* CosView.swift */ = {isa = PBXFileReference; lastKnownFileType = sourcecode.swift; path = CosView.swift; sourceTree = "<group>"; };
		EDB792C02624BDA800FC2904 /* ImageViewController.swift */ = {isa = PBXFileReference; lastKnownFileType = sourcecode.swift; path = ImageViewController.swift; sourceTree = "<group>"; };
		EDB792C42624BE1B00FC2904 /* MyCollectionViewCell.swift */ = {isa = PBXFileReference; lastKnownFileType = sourcecode.swift; path = MyCollectionViewCell.swift; sourceTree = "<group>"; };
		EDB792C52624BE1B00FC2904 /* MyCollectionViewCell.xib */ = {isa = PBXFileReference; lastKnownFileType = file.xib; path = MyCollectionViewCell.xib; sourceTree = "<group>"; };
		EDC84E2425EB90D000BEFB9F /* ListViewController.swift */ = {isa = PBXFileReference; lastKnownFileType = sourcecode.swift; path = ListViewController.swift; sourceTree = "<group>"; };
		EDD02FD225EBB8E300784571 /* Image_07.png */ = {isa = PBXFileReference; lastKnownFileType = image.png; path = Image_07.png; sourceTree = "<group>"; };
		EDD02FD325EBB8E300784571 /* Image_01.png */ = {isa = PBXFileReference; lastKnownFileType = image.png; path = Image_01.png; sourceTree = "<group>"; };
		EDD02FD425EBB8E400784571 /* Image_03.png */ = {isa = PBXFileReference; lastKnownFileType = image.png; path = Image_03.png; sourceTree = "<group>"; };
		EDD02FD525EBB8E400784571 /* Image_08.png */ = {isa = PBXFileReference; lastKnownFileType = image.png; path = Image_08.png; sourceTree = "<group>"; };
		EDD02FD625EBB8E400784571 /* Image_10.png */ = {isa = PBXFileReference; lastKnownFileType = image.png; path = Image_10.png; sourceTree = "<group>"; };
		EDD02FD725EBB8E400784571 /* Image_06.png */ = {isa = PBXFileReference; lastKnownFileType = image.png; path = Image_06.png; sourceTree = "<group>"; };
		EDD02FD825EBB8E400784571 /* Image_05.png */ = {isa = PBXFileReference; lastKnownFileType = image.png; path = Image_05.png; sourceTree = "<group>"; };
		EDD02FD925EBB8E400784571 /* Image_02.png */ = {isa = PBXFileReference; lastKnownFileType = image.png; path = Image_02.png; sourceTree = "<group>"; };
		EDEAF33526496931005046D4 /* SpinnerViewController.swift */ = {isa = PBXFileReference; lastKnownFileType = sourcecode.swift; path = SpinnerViewController.swift; sourceTree = "<group>"; };
		EDEAF33626496931005046D4 /* SpinnerViewController.xib */ = {isa = PBXFileReference; lastKnownFileType = file.xib; path = SpinnerViewController.xib; sourceTree = "<group>"; };
/* End PBXFileReference section */

/* Begin PBXFrameworksBuildPhase section */
		ED295FA525D0448300041455 /* Frameworks */ = {
			isa = PBXFrameworksBuildPhase;
			buildActionMask = 2147483647;
			files = (
			);
			runOnlyForDeploymentPostprocessing = 0;
		};
/* End PBXFrameworksBuildPhase section */

/* Begin PBXGroup section */
		ED15076125D4BC9B0021CFB8 /* controllers */ = {
			isa = PBXGroup;
			children = (
				EDEAF3342649690F005046D4 /* SpinnerViewController */,
				ED96F8182641F5B90053C67A /* AddBookViewController */,
				ED96F8172641F5AC0053C67A /* DetailBookViewController */,
				EDACB51A25D21BB100F9B845 /* DrawingViewController.swift */,
				ED295FAF25D0448300041455 /* ViewController.swift */,
				EDC84E2425EB90D000BEFB9F /* ListViewController.swift */,
				EDB792C02624BDA800FC2904 /* ImageViewController.swift */,
			);
			path = controllers;
			sourceTree = "<group>";
		};
		ED15076225D4BCA40021CFB8 /* views */ = {
			isa = PBXGroup;
			children = (
				EDB792C32624BDEA00FC2904 /* ImageViewCell */,
				ED80B88725F3B51C0021D5F1 /* TableViewCell */,
				ED295FB125D0448300041455 /* Main.storyboard */,
				EDB6FBA025D2C5E600EE4CD5 /* CosView.swift */,
				ED295FB625D0448400041455 /* LaunchScreen.storyboard */,
				ED295FB425D0448400041455 /* Assets.xcassets */,
				ED7165B525D461E900D6920D /* DiagramView.swift */,
			);
			path = views;
			sourceTree = "<group>";
		};
		ED15076325D4BD700021CFB8 /* resources */ = {
			isa = PBXGroup;
			children = (
				ED295FAD25D0448300041455 /* SceneDelegate.swift */,
				ED295FAB25D0448300041455 /* AppDelegate.swift */,
				EDA575E025E8E9F300173EA6 /* StorageManager.swift */,
				ED6B689E2648269600A9402E /* NetworkManager.swift */,
			);
			path = resources;
			sourceTree = "<group>";
		};
		ED295F9F25D0448300041455 = {
			isa = PBXGroup;
			children = (
				ED295FC025D0461700041455 /* .gitignore */,
				ED295FAA25D0448300041455 /* lab-1.1 */,
				ED295FA925D0448300041455 /* Products */,
			);
			sourceTree = "<group>";
		};
		ED295FA925D0448300041455 /* Products */ = {
			isa = PBXGroup;
			children = (
				ED295FA825D0448300041455 /* lab-1.1.app */,
			);
			name = Products;
			sourceTree = "<group>";
		};
		ED295FAA25D0448300041455 /* lab-1.1 */ = {
			isa = PBXGroup;
			children = (
				ED80B86C25F3B0CB0021D5F1 /* data for lab4 */,
				ED4F870C25E6A27000EF3FB2 /* models */,
				ED4F86FC25E6A16D00EF3FB2 /* data for lab3 */,
				ED15076325D4BD700021CFB8 /* resources */,
				ED15076225D4BCA40021CFB8 /* views */,
				ED15076125D4BC9B0021CFB8 /* controllers */,
				ED295FB925D0448400041455 /* Info.plist */,
			);
			path = "lab-1.1";
			sourceTree = "<group>";
		};
		ED4F86FC25E6A16D00EF3FB2 /* data for lab3 */ = {
			isa = PBXGroup;
			children = (
				EDD02FD325EBB8E300784571 /* Image_01.png */,
				EDD02FD925EBB8E400784571 /* Image_02.png */,
				EDD02FD425EBB8E400784571 /* Image_03.png */,
				EDD02FD825EBB8E400784571 /* Image_05.png */,
				EDD02FD725EBB8E400784571 /* Image_06.png */,
				EDD02FD225EBB8E300784571 /* Image_07.png */,
				EDD02FD525EBB8E400784571 /* Image_08.png */,
				EDD02FD625EBB8E400784571 /* Image_10.png */,
				ED4F86FE25E6A19B00EF3FB2 /* BooksList.txt */,
			);
			path = "data for lab3";
			sourceTree = "<group>";
		};
		ED4F870C25E6A27000EF3FB2 /* models */ = {
			isa = PBXGroup;
			children = (
				ED4F870D25E6A28700EF3FB2 /* Book.swift */,
				ED6B68B526482F4100A9402E /* Photos.swift */,
			);
			path = models;
			sourceTree = "<group>";
		};
		ED80B86C25F3B0CB0021D5F1 /* data for lab4 */ = {
			isa = PBXGroup;
			children = (
				ED80B87525F3B0DE0021D5F1 /* 9780321856715.txt */,
				ED80B87425F3B0DE0021D5F1 /* 9780321862969.txt */,
				ED80B87325F3B0DE0021D5F1 /* 9781118841471.txt */,
				ED80B86F25F3B0DE0021D5F1 /* 9781430236054.txt */,
				ED80B86D25F3B0DE0021D5F1 /* 9781430237105.txt */,
				ED80B87225F3B0DE0021D5F1 /* 9781430238072.txt */,
				ED80B87125F3B0DE0021D5F1 /* 9781430245124.txt */,
				ED80B87625F3B0DE0021D5F1 /* 9781430260226.txt */,
				ED80B86E25F3B0DE0021D5F1 /* 9781449308360.txt */,
				ED80B87025F3B0DE0021D5F1 /* 9781449342753.txt */,
			);
			path = "data for lab4";
			sourceTree = "<group>";
		};
		ED80B88725F3B51C0021D5F1 /* TableViewCell */ = {
			isa = PBXGroup;
			children = (
				ED33437A25EBA66200649054 /* TableViewCell.xib */,
				ED33437925EBA66200649054 /* TableViewCell.swift */,
			);
			path = TableViewCell;
			sourceTree = "<group>";
		};
		ED96F8172641F5AC0053C67A /* DetailBookViewController */ = {
			isa = PBXGroup;
			children = (
				ED96F8192641F68E0053C67A /* DetailBookViewController.swift */,
				ED96F81A2641F68E0053C67A /* DetailBookViewController.xib */,
			);
			path = DetailBookViewController;
			sourceTree = "<group>";
		};
		ED96F8182641F5B90053C67A /* AddBookViewController */ = {
			isa = PBXGroup;
			children = (
				ED96F81D2641F69F0053C67A /* AddBookViewController.swift */,
				ED96F81E2641F69F0053C67A /* AddBookViewController.xib */,
				ED96F8212641F6AC0053C67A /* ErrorAddViewController.swift */,
				ED96F8222641F6AC0053C67A /* ErrorAddViewController.xib */,
			);
			path = AddBookViewController;
			sourceTree = "<group>";
		};
		EDB792C32624BDEA00FC2904 /* ImageViewCell */ = {
			isa = PBXGroup;
			children = (
				EDB792C42624BE1B00FC2904 /* MyCollectionViewCell.swift */,
				EDB792C52624BE1B00FC2904 /* MyCollectionViewCell.xib */,
			);
			path = ImageViewCell;
			sourceTree = "<group>";
		};
		EDEAF3342649690F005046D4 /* SpinnerViewController */ = {
			isa = PBXGroup;
			children = (
				EDEAF33526496931005046D4 /* SpinnerViewController.swift */,
				EDEAF33626496931005046D4 /* SpinnerViewController.xib */,
			);
			path = SpinnerViewController;
			sourceTree = "<group>";
		};
/* End PBXGroup section */

/* Begin PBXNativeTarget section */
		ED295FA725D0448300041455 /* lab-1.1 */ = {
			isa = PBXNativeTarget;
			buildConfigurationList = ED295FBC25D0448400041455 /* Build configuration list for PBXNativeTarget "lab-1.1" */;
			buildPhases = (
				ED295FA425D0448300041455 /* Sources */,
				ED295FA525D0448300041455 /* Frameworks */,
				ED295FA625D0448300041455 /* Resources */,
			);
			buildRules = (
			);
			dependencies = (
			);
			name = "lab-1.1";
			productName = "lab-1.1";
			productReference = ED295FA825D0448300041455 /* lab-1.1.app */;
			productType = "com.apple.product-type.application";
		};
/* End PBXNativeTarget section */

/* Begin PBXProject section */
		ED295FA025D0448300041455 /* Project object */ = {
			isa = PBXProject;
			attributes = {
				LastSwiftUpdateCheck = 1240;
				LastUpgradeCheck = 1240;
				TargetAttributes = {
					ED295FA725D0448300041455 = {
						CreatedOnToolsVersion = 12.4;
					};
				};
			};
			buildConfigurationList = ED295FA325D0448300041455 /* Build configuration list for PBXProject "lab-1.1" */;
			compatibilityVersion = "Xcode 9.3";
			developmentRegion = en;
			hasScannedForEncodings = 0;
			knownRegions = (
				en,
				Base,
			);
			mainGroup = ED295F9F25D0448300041455;
			productRefGroup = ED295FA925D0448300041455 /* Products */;
			projectDirPath = "";
			projectRoot = "";
			targets = (
				ED295FA725D0448300041455 /* lab-1.1 */,
			);
		};
/* End PBXProject section */

/* Begin PBXResourcesBuildPhase section */
		ED295FA625D0448300041455 /* Resources */ = {
			isa = PBXResourcesBuildPhase;
			buildActionMask = 2147483647;
			files = (
				ED295FC125D0461700041455 /* .gitignore in Resources */,
				ED80B88025F3B0DE0021D5F1 /* 9781430260226.txt in Resources */,
				EDD02FDD25EBB8E400784571 /* Image_08.png in Resources */,
				ED80B87925F3B0DE0021D5F1 /* 9781430236054.txt in Resources */,
				ED33437C25EBA66200649054 /* TableViewCell.xib in Resources */,
				ED96F8242641F6AC0053C67A /* ErrorAddViewController.xib in Resources */,
				ED80B87B25F3B0DE0021D5F1 /* 9781430245124.txt in Resources */,
				EDD02FDB25EBB8E400784571 /* Image_01.png in Resources */,
				ED80B87A25F3B0DE0021D5F1 /* 9781449342753.txt in Resources */,
				ED295FB825D0448400041455 /* LaunchScreen.storyboard in Resources */,
				EDD02FE125EBB8E400784571 /* Image_02.png in Resources */,
				EDEAF33826496931005046D4 /* SpinnerViewController.xib in Resources */,
				ED4F870025E6A19B00EF3FB2 /* BooksList.txt in Resources */,
				ED80B87F25F3B0DE0021D5F1 /* 9780321856715.txt in Resources */,
				EDD02FE025EBB8E400784571 /* Image_05.png in Resources */,
				EDD02FDC25EBB8E400784571 /* Image_03.png in Resources */,
				ED96F81C2641F68E0053C67A /* DetailBookViewController.xib in Resources */,
				EDD02FDE25EBB8E400784571 /* Image_10.png in Resources */,
				ED96F8202641F69F0053C67A /* AddBookViewController.xib in Resources */,
				ED80B87D25F3B0DE0021D5F1 /* 9781118841471.txt in Resources */,
				ED295FB525D0448400041455 /* Assets.xcassets in Resources */,
				ED295FB325D0448300041455 /* Main.storyboard in Resources */,
				EDD02FDA25EBB8E400784571 /* Image_07.png in Resources */,
				ED80B87825F3B0DE0021D5F1 /* 9781449308360.txt in Resources */,
				EDB792C72624BE1B00FC2904 /* MyCollectionViewCell.xib in Resources */,
				ED80B87C25F3B0DE0021D5F1 /* 9781430238072.txt in Resources */,
				EDD02FDF25EBB8E400784571 /* Image_06.png in Resources */,
				ED80B87725F3B0DE0021D5F1 /* 9781430237105.txt in Resources */,
				ED80B87E25F3B0DE0021D5F1 /* 9780321862969.txt in Resources */,
			);
			runOnlyForDeploymentPostprocessing = 0;
		};
/* End PBXResourcesBuildPhase section */

/* Begin PBXSourcesBuildPhase section */
		ED295FA425D0448300041455 /* Sources */ = {
			isa = PBXSourcesBuildPhase;
			buildActionMask = 2147483647;
			files = (
				ED7165B625D461E900D6920D /* DiagramView.swift in Sources */,
				ED96F81F2641F69F0053C67A /* AddBookViewController.swift in Sources */,
				EDB6FBA125D2C5E600EE4CD5 /* CosView.swift in Sources */,
				ED4F870E25E6A28700EF3FB2 /* Book.swift in Sources */,
				ED6B689F2648269600A9402E /* NetworkManager.swift in Sources */,
				ED295FB025D0448300041455 /* ViewController.swift in Sources */,
				EDB792C12624BDA800FC2904 /* ImageViewController.swift in Sources */,
				EDACB51B25D21BB100F9B845 /* DrawingViewController.swift in Sources */,
				EDB792C62624BE1B00FC2904 /* MyCollectionViewCell.swift in Sources */,
				ED96F8232641F6AC0053C67A /* ErrorAddViewController.swift in Sources */,
				ED33437B25EBA66200649054 /* TableViewCell.swift in Sources */,
				EDC84E2525EB90D000BEFB9F /* ListViewController.swift in Sources */,
				ED6B68B626482F4100A9402E /* Photos.swift in Sources */,
				ED295FAC25D0448300041455 /* AppDelegate.swift in Sources */,
				ED295FAE25D0448300041455 /* SceneDelegate.swift in Sources */,
				ED96F81B2641F68E0053C67A /* DetailBookViewController.swift in Sources */,
				EDEAF33726496931005046D4 /* SpinnerViewController.swift in Sources */,
				EDA575E125E8E9F300173EA6 /* StorageManager.swift in Sources */,
			);
			runOnlyForDeploymentPostprocessing = 0;
		};
/* End PBXSourcesBuildPhase section */

/* Begin PBXVariantGroup section */
		ED295FB125D0448300041455 /* Main.storyboard */ = {
			isa = PBXVariantGroup;
			children = (
				ED295FB225D0448300041455 /* Base */,
			);
			name = Main.storyboard;
			sourceTree = "<group>";
		};
		ED295FB625D0448400041455 /* LaunchScreen.storyboard */ = {
			isa = PBXVariantGroup;
			children = (
				ED295FB725D0448400041455 /* Base */,
			);
			name = LaunchScreen.storyboard;
			sourceTree = "<group>";
		};
/* End PBXVariantGroup section */

/* Begin XCBuildConfiguration section */
		ED295FBA25D0448400041455 /* Debug */ = {
			isa = XCBuildConfiguration;
			buildSettings = {
				ALWAYS_SEARCH_USER_PATHS = NO;
				CLANG_ANALYZER_NONNULL = YES;
				CLANG_ANALYZER_NUMBER_OBJECT_CONVERSION = YES_AGGRESSIVE;
				CLANG_CXX_LANGUAGE_STANDARD = "gnu++14";
				CLANG_CXX_LIBRARY = "libc++";
				CLANG_ENABLE_MODULES = YES;
				CLANG_ENABLE_OBJC_ARC = YES;
				CLANG_ENABLE_OBJC_WEAK = YES;
				CLANG_WARN_BLOCK_CAPTURE_AUTORELEASING = YES;
				CLANG_WARN_BOOL_CONVERSION = YES;
				CLANG_WARN_COMMA = YES;
				CLANG_WARN_CONSTANT_CONVERSION = YES;
				CLANG_WARN_DEPRECATED_OBJC_IMPLEMENTATIONS = YES;
				CLANG_WARN_DIRECT_OBJC_ISA_USAGE = YES_ERROR;
				CLANG_WARN_DOCUMENTATION_COMMENTS = YES;
				CLANG_WARN_EMPTY_BODY = YES;
				CLANG_WARN_ENUM_CONVERSION = YES;
				CLANG_WARN_INFINITE_RECURSION = YES;
				CLANG_WARN_INT_CONVERSION = YES;
				CLANG_WARN_NON_LITERAL_NULL_CONVERSION = YES;
				CLANG_WARN_OBJC_IMPLICIT_RETAIN_SELF = YES;
				CLANG_WARN_OBJC_LITERAL_CONVERSION = YES;
				CLANG_WARN_OBJC_ROOT_CLASS = YES_ERROR;
				CLANG_WARN_QUOTED_INCLUDE_IN_FRAMEWORK_HEADER = YES;
				CLANG_WARN_RANGE_LOOP_ANALYSIS = YES;
				CLANG_WARN_STRICT_PROTOTYPES = YES;
				CLANG_WARN_SUSPICIOUS_MOVE = YES;
				CLANG_WARN_UNGUARDED_AVAILABILITY = YES_AGGRESSIVE;
				CLANG_WARN_UNREACHABLE_CODE = YES;
				CLANG_WARN__DUPLICATE_METHOD_MATCH = YES;
				COPY_PHASE_STRIP = NO;
				DEBUG_INFORMATION_FORMAT = dwarf;
				ENABLE_STRICT_OBJC_MSGSEND = YES;
				ENABLE_TESTABILITY = YES;
				GCC_C_LANGUAGE_STANDARD = gnu11;
				GCC_DYNAMIC_NO_PIC = NO;
				GCC_NO_COMMON_BLOCKS = YES;
				GCC_OPTIMIZATION_LEVEL = 0;
				GCC_PREPROCESSOR_DEFINITIONS = (
					"DEBUG=1",
					"$(inherited)",
				);
				GCC_WARN_64_TO_32_BIT_CONVERSION = YES;
				GCC_WARN_ABOUT_RETURN_TYPE = YES_ERROR;
				GCC_WARN_UNDECLARED_SELECTOR = YES;
				GCC_WARN_UNINITIALIZED_AUTOS = YES_AGGRESSIVE;
				GCC_WARN_UNUSED_FUNCTION = YES;
				GCC_WARN_UNUSED_VARIABLE = YES;
				IPHONEOS_DEPLOYMENT_TARGET = 14.4;
				MTL_ENABLE_DEBUG_INFO = INCLUDE_SOURCE;
				MTL_FAST_MATH = YES;
				ONLY_ACTIVE_ARCH = YES;
				SDKROOT = iphoneos;
				SWIFT_ACTIVE_COMPILATION_CONDITIONS = DEBUG;
				SWIFT_OPTIMIZATION_LEVEL = "-Onone";
			};
			name = Debug;
		};
		ED295FBB25D0448400041455 /* Release */ = {
			isa = XCBuildConfiguration;
			buildSettings = {
				ALWAYS_SEARCH_USER_PATHS = NO;
				CLANG_ANALYZER_NONNULL = YES;
				CLANG_ANALYZER_NUMBER_OBJECT_CONVERSION = YES_AGGRESSIVE;
				CLANG_CXX_LANGUAGE_STANDARD = "gnu++14";
				CLANG_CXX_LIBRARY = "libc++";
				CLANG_ENABLE_MODULES = YES;
				CLANG_ENABLE_OBJC_ARC = YES;
				CLANG_ENABLE_OBJC_WEAK = YES;
				CLANG_WARN_BLOCK_CAPTURE_AUTORELEASING = YES;
				CLANG_WARN_BOOL_CONVERSION = YES;
				CLANG_WARN_COMMA = YES;
				CLANG_WARN_CONSTANT_CONVERSION = YES;
				CLANG_WARN_DEPRECATED_OBJC_IMPLEMENTATIONS = YES;
				CLANG_WARN_DIRECT_OBJC_ISA_USAGE = YES_ERROR;
				CLANG_WARN_DOCUMENTATION_COMMENTS = YES;
				CLANG_WARN_EMPTY_BODY = YES;
				CLANG_WARN_ENUM_CONVERSION = YES;
				CLANG_WARN_INFINITE_RECURSION = YES;
				CLANG_WARN_INT_CONVERSION = YES;
				CLANG_WARN_NON_LITERAL_NULL_CONVERSION = YES;
				CLANG_WARN_OBJC_IMPLICIT_RETAIN_SELF = YES;
				CLANG_WARN_OBJC_LITERAL_CONVERSION = YES;
				CLANG_WARN_OBJC_ROOT_CLASS = YES_ERROR;
				CLANG_WARN_QUOTED_INCLUDE_IN_FRAMEWORK_HEADER = YES;
				CLANG_WARN_RANGE_LOOP_ANALYSIS = YES;
				CLANG_WARN_STRICT_PROTOTYPES = YES;
				CLANG_WARN_SUSPICIOUS_MOVE = YES;
				CLANG_WARN_UNGUARDED_AVAILABILITY = YES_AGGRESSIVE;
				CLANG_WARN_UNREACHABLE_CODE = YES;
				CLANG_WARN__DUPLICATE_METHOD_MATCH = YES;
				COPY_PHASE_STRIP = NO;
				DEBUG_INFORMATION_FORMAT = "dwarf-with-dsym";
				ENABLE_NS_ASSERTIONS = NO;
				ENABLE_STRICT_OBJC_MSGSEND = YES;
				GCC_C_LANGUAGE_STANDARD = gnu11;
				GCC_NO_COMMON_BLOCKS = YES;
				GCC_WARN_64_TO_32_BIT_CONVERSION = YES;
				GCC_WARN_ABOUT_RETURN_TYPE = YES_ERROR;
				GCC_WARN_UNDECLARED_SELECTOR = YES;
				GCC_WARN_UNINITIALIZED_AUTOS = YES_AGGRESSIVE;
				GCC_WARN_UNUSED_FUNCTION = YES;
				GCC_WARN_UNUSED_VARIABLE = YES;
				IPHONEOS_DEPLOYMENT_TARGET = 14.4;
				MTL_ENABLE_DEBUG_INFO = NO;
				MTL_FAST_MATH = YES;
				SDKROOT = iphoneos;
				SWIFT_COMPILATION_MODE = wholemodule;
				SWIFT_OPTIMIZATION_LEVEL = "-O";
				VALIDATE_PRODUCT = YES;
			};
			name = Release;
		};
		ED295FBD25D0448400041455 /* Debug */ = {
			isa = XCBuildConfiguration;
			buildSettings = {
				ASSETCATALOG_COMPILER_APPICON_NAME = AppIcon;
				ASSETCATALOG_COMPILER_GLOBAL_ACCENT_COLOR_NAME = AccentColor;
				CODE_SIGN_STYLE = Automatic;
				DEVELOPMENT_TEAM = A673JD59FG;
				INFOPLIST_FILE = "lab-1.1/Info.plist";
				LD_RUNPATH_SEARCH_PATHS = (
					"$(inherited)",
					"@executable_path/Frameworks",
				);
				PRODUCT_BUNDLE_IDENTIFIER = "ua.kpi.comsys.ip8401.lab-1-1";
				PRODUCT_NAME = "$(TARGET_NAME)";
				SWIFT_VERSION = 5.0;
				TARGETED_DEVICE_FAMILY = "1,2";
			};
			name = Debug;
		};
		ED295FBE25D0448400041455 /* Release */ = {
			isa = XCBuildConfiguration;
			buildSettings = {
				ASSETCATALOG_COMPILER_APPICON_NAME = AppIcon;
				ASSETCATALOG_COMPILER_GLOBAL_ACCENT_COLOR_NAME = AccentColor;
				CODE_SIGN_STYLE = Automatic;
				DEVELOPMENT_TEAM = A673JD59FG;
				INFOPLIST_FILE = "lab-1.1/Info.plist";
				LD_RUNPATH_SEARCH_PATHS = (
					"$(inherited)",
					"@executable_path/Frameworks",
				);
				PRODUCT_BUNDLE_IDENTIFIER = "ua.kpi.comsys.ip8401.lab-1-1";
				PRODUCT_NAME = "$(TARGET_NAME)";
				SWIFT_VERSION = 5.0;
				TARGETED_DEVICE_FAMILY = "1,2";
			};
			name = Release;
		};
/* End XCBuildConfiguration section */

/* Begin XCConfigurationList section */
		ED295FA325D0448300041455 /* Build configuration list for PBXProject "lab-1.1" */ = {
			isa = XCConfigurationList;
			buildConfigurations = (
				ED295FBA25D0448400041455 /* Debug */,
				ED295FBB25D0448400041455 /* Release */,
			);
			defaultConfigurationIsVisible = 0;
			defaultConfigurationName = Release;
		};
		ED295FBC25D0448400041455 /* Build configuration list for PBXNativeTarget "lab-1.1" */ = {
			isa = XCConfigurationList;
			buildConfigurations = (
				ED295FBD25D0448400041455 /* Debug */,
				ED295FBE25D0448400041455 /* Release */,
			);
			defaultConfigurationIsVisible = 0;
			defaultConfigurationName = Release;
		};
/* End XCConfigurationList section */
	};
	rootObject = ED295FA025D0448300041455 /* Project object */;
}
